// !$*UTF8*$!
{
	archiveVersion = 1;
	classes = {
	};
	objectVersion = 77;
	objects = {

/* Begin PBXBuildFile section */
		9AEE65A42E27E2CB00AB414A /* README.md in Resources */ = {isa = PBXBuildFile; fileRef = 9AEE65A32E27E2C400AB414A /* README.md */; };
/* End PBXBuildFile section */

/* Begin PBXContainerItemProxy section */
		9A4E648E2E2707BA00D1235A /* PBXContainerItemProxy */ = {
			isa = PBXContainerItemProxy;
			containerPortal = 9A4E64742E2707B800D1235A /* Project object */;
			proxyType = 1;
			remoteGlobalIDString = 9A4E647B2E2707B800D1235A;
			remoteInfo = FluentUnitTesting;
		};
		9A4E64982E2707BA00D1235A /* PBXContainerItemProxy */ = {
			isa = PBXContainerItemProxy;
			containerPortal = 9A4E64742E2707B800D1235A /* Project object */;
			proxyType = 1;
			remoteGlobalIDString = 9A4E647B2E2707B800D1235A;
			remoteInfo = FluentUnitTesting;
		};
/* End PBXContainerItemProxy section */

/* Begin PBXFileReference section */
		9A4E647C2E2707B800D1235A /* FluentUnitTesting.app */ = {isa = PBXFileReference; explicitFileType = wrapper.application; includeInIndex = 0; path = FluentUnitTesting.app; sourceTree = BUILT_PRODUCTS_DIR; };
		9A4E648D2E2707BA00D1235A /* FluentUnitTestingTests.xctest */ = {isa = PBXFileReference; explicitFileType = wrapper.cfbundle; includeInIndex = 0; path = FluentUnitTestingTests.xctest; sourceTree = BUILT_PRODUCTS_DIR; };
		9A4E64972E2707BA00D1235A /* FluentUnitTestingUITests.xctest */ = {isa = PBXFileReference; explicitFileType = wrapper.cfbundle; includeInIndex = 0; path = FluentUnitTestingUITests.xctest; sourceTree = BUILT_PRODUCTS_DIR; };
		9AEE65A02E270C7C00AB414A /* FluentUnitTesting.xctestplan */ = {isa = PBXFileReference; lastKnownFileType = text; path = FluentUnitTesting.xctestplan; sourceTree = "<group>"; };
		9AEE65A32E27E2C400AB414A /* README.md */ = {isa = PBXFileReference; lastKnownFileType = net.daringfireball.markdown; path = README.md; sourceTree = "<group>"; };
/* End PBXFileReference section */

/* Begin PBXFileSystemSynchronizedRootGroup section */
		9A4E647E2E2707B800D1235A /* FluentUnitTesting */ = {
			isa = PBXFileSystemSynchronizedRootGroup;
			path = FluentUnitTesting;
			sourceTree = "<group>";
		};
		9A4E64902E2707BA00D1235A /* FluentUnitTestingTests */ = {
			isa = PBXFileSystemSynchronizedRootGroup;
			path = FluentUnitTestingTests;
			sourceTree = "<group>";
		};
		9A4E649A2E2707BA00D1235A /* FluentUnitTestingUITests */ = {
			isa = PBXFileSystemSynchronizedRootGroup;
			path = FluentUnitTestingUITests;
			sourceTree = "<group>";
		};
/* End PBXFileSystemSynchronizedRootGroup section */

/* Begin PBXFrameworksBuildPhase section */
		9A4E64792E2707B800D1235A /* Frameworks */ = {
			isa = PBXFrameworksBuildPhase;
			buildActionMask = 2147483647;
			files = (
			);
			runOnlyForDeploymentPostprocessing = 0;
		};
		9A4E648A2E2707BA00D1235A /* Frameworks */ = {
			isa = PBXFrameworksBuildPhase;
			buildActionMask = 2147483647;
			files = (
			);
			runOnlyForDeploymentPostprocessing = 0;
		};
		9A4E64942E2707BA00D1235A /* Frameworks */ = {
			isa = PBXFrameworksBuildPhase;
			buildActionMask = 2147483647;
			files = (
			);
			runOnlyForDeploymentPostprocessing = 0;
		};
/* End PBXFrameworksBuildPhase section */

/* Begin PBXGroup section */
		9A4E64732E2707B800D1235A = {
			isa = PBXGroup;
			children = (
				9AEE65A32E27E2C400AB414A /* README.md */,
				9AEE65A02E270C7C00AB414A /* FluentUnitTesting.xctestplan */,
				9A4E647E2E2707B800D1235A /* FluentUnitTesting */,
				9A4E64902E2707BA00D1235A /* FluentUnitTestingTests */,
				9A4E649A2E2707BA00D1235A /* FluentUnitTestingUITests */,
				9A4E647D2E2707B800D1235A /* Products */,
			);
			sourceTree = "<group>";
		};
		9A4E647D2E2707B800D1235A /* Products */ = {
			isa = PBXGroup;
			children = (
				9A4E647C2E2707B800D1235A /* FluentUnitTesting.app */,
				9A4E648D2E2707BA00D1235A /* FluentUnitTestingTests.xctest */,
				9A4E64972E2707BA00D1235A /* FluentUnitTestingUITests.xctest */,
			);
			name = Products;
			sourceTree = "<group>";
		};
/* End PBXGroup section */

/* Begin PBXNativeTarget section */
		9A4E647B2E2707B800D1235A /* FluentUnitTesting */ = {
			isa = PBXNativeTarget;
			buildConfigurationList = 9A4E64A12E2707BA00D1235A /* Build configuration list for PBXNativeTarget "FluentUnitTesting" */;
			buildPhases = (
				9A4E64782E2707B800D1235A /* Sources */,
				9A4E64792E2707B800D1235A /* Frameworks */,
				9A4E647A2E2707B800D1235A /* Resources */,
			);
			buildRules = (
			);
			dependencies = (
			);
			fileSystemSynchronizedGroups = (
				9A4E647E2E2707B800D1235A /* FluentUnitTesting */,
			);
			name = FluentUnitTesting;
			packageProductDependencies = (
			);
			productName = FluentUnitTesting;
			productReference = 9A4E647C2E2707B800D1235A /* FluentUnitTesting.app */;
			productType = "com.apple.product-type.application";
		};
		9A4E648C2E2707BA00D1235A /* FluentUnitTestingTests */ = {
			isa = PBXNativeTarget;
			buildConfigurationList = 9A4E64A42E2707BA00D1235A /* Build configuration list for PBXNativeTarget "FluentUnitTestingTests" */;
			buildPhases = (
				9A4E64892E2707BA00D1235A /* Sources */,
				9A4E648A2E2707BA00D1235A /* Frameworks */,
				9A4E648B2E2707BA00D1235A /* Resources */,
			);
			buildRules = (
			);
			dependencies = (
				9A4E648F2E2707BA00D1235A /* PBXTargetDependency */,
			);
			fileSystemSynchronizedGroups = (
				9A4E64902E2707BA00D1235A /* FluentUnitTestingTests */,
			);
			name = FluentUnitTestingTests;
			packageProductDependencies = (
			);
			productName = FluentUnitTestingTests;
			productReference = 9A4E648D2E2707BA00D1235A /* FluentUnitTestingTests.xctest */;
			productType = "com.apple.product-type.bundle.unit-test";
		};
		9A4E64962E2707BA00D1235A /* FluentUnitTestingUITests */ = {
			isa = PBXNativeTarget;
			buildConfigurationList = 9A4E64A72E2707BA00D1235A /* Build configuration list for PBXNativeTarget "FluentUnitTestingUITests" */;
			buildPhases = (
				9A4E64932E2707BA00D1235A /* Sources */,
				9A4E64942E2707BA00D1235A /* Frameworks */,
				9A4E64952E2707BA00D1235A /* Resources */,
			);
			buildRules = (
			);
			dependencies = (
				9A4E64992E2707BA00D1235A /* PBXTargetDependency */,
			);
			fileSystemSynchronizedGroups = (
				9A4E649A2E2707BA00D1235A /* FluentUnitTestingUITests */,
			);
			name = FluentUnitTestingUITests;
			packageProductDependencies = (
			);
			productName = FluentUnitTestingUITests;
			productReference = 9A4E64972E2707BA00D1235A /* FluentUnitTestingUITests.xctest */;
			productType = "com.apple.product-type.bundle.ui-testing";
		};
/* End PBXNativeTarget section */

/* Begin PBXProject section */
		9A4E64742E2707B800D1235A /* Project object */ = {
			isa = PBXProject;
			attributes = {
				BuildIndependentTargetsInParallel = 1;
				LastSwiftUpdateCheck = 1620;
				LastUpgradeCheck = 1620;
				TargetAttributes = {
					9A4E647B2E2707B800D1235A = {
						CreatedOnToolsVersion = 16.2;
					};
					9A4E648C2E2707BA00D1235A = {
						CreatedOnToolsVersion = 16.2;
						TestTargetID = 9A4E647B2E2707B800D1235A;
					};
					9A4E64962E2707BA00D1235A = {
						CreatedOnToolsVersion = 16.2;
						TestTargetID = 9A4E647B2E2707B800D1235A;
					};
				};
			};
			buildConfigurationList = 9A4E64772E2707B800D1235A /* Build configuration list for PBXProject "FluentUnitTesting" */;
			developmentRegion = en;
			hasScannedForEncodings = 0;
			knownRegions = (
				en,
				Base,
			);
			mainGroup = 9A4E64732E2707B800D1235A;
			minimizedProjectReferenceProxies = 1;
			preferredProjectObjectVersion = 77;
			productRefGroup = 9A4E647D2E2707B800D1235A /* Products */;
			projectDirPath = "";
			projectRoot = "";
			targets = (
				9A4E647B2E2707B800D1235A /* FluentUnitTesting */,
				9A4E648C2E2707BA00D1235A /* FluentUnitTestingTests */,
				9A4E64962E2707BA00D1235A /* FluentUnitTestingUITests */,
			);
		};
/* End PBXProject section */

/* Begin PBXResourcesBuildPhase section */
		9A4E647A2E2707B800D1235A /* Resources */ = {
			isa = PBXResourcesBuildPhase;
			buildActionMask = 2147483647;
			files = (
				9AEE65A42E27E2CB00AB414A /* README.md in Resources */,
			);
			runOnlyForDeploymentPostprocessing = 0;
		};
		9A4E648B2E2707BA00D1235A /* Resources */ = {
			isa = PBXResourcesBuildPhase;
			buildActionMask = 2147483647;
			files = (
			);
			runOnlyForDeploymentPostprocessing = 0;
		};
		9A4E64952E2707BA00D1235A /* Resources */ = {
			isa = PBXResourcesBuildPhase;
			buildActionMask = 2147483647;
			files = (
			);
			runOnlyForDeploymentPostprocessing = 0;
		};
/* End PBXResourcesBuildPhase section */

/* Begin PBXSourcesBuildPhase section */
		9A4E64782E2707B800D1235A /* Sources */ = {
			isa = PBXSourcesBuildPhase;
			buildActionMask = 2147483647;
			files = (
			);
			runOnlyForDeploymentPostprocessing = 0;
		};
		9A4E64892E2707BA00D1235A /* Sources */ = {
			isa = PBXSourcesBuildPhase;
			buildActionMask = 2147483647;
			files = (
			);
			runOnlyForDeploymentPostprocessing = 0;
		};
		9A4E64932E2707BA00D1235A /* Sources */ = {
			isa = PBXSourcesBuildPhase;
			buildActionMask = 2147483647;
			files = (
			);
			runOnlyForDeploymentPostprocessing = 0;
		};
/* End PBXSourcesBuildPhase section */

/* Begin PBXTargetDependency section */
		9A4E648F2E2707BA00D1235A /* PBXTargetDependency */ = {
			isa = PBXTargetDependency;
			target = 9A4E647B2E2707B800D1235A /* FluentUnitTesting */;
			targetProxy = 9A4E648E2E2707BA00D1235A /* PBXContainerItemProxy */;
		};
		9A4E64992E2707BA00D1235A /* PBXTargetDependency */ = {
			isa = PBXTargetDependency;
			target = 9A4E647B2E2707B800D1235A /* FluentUnitTesting */;
			targetProxy = 9A4E64982E2707BA00D1235A /* PBXContainerItemProxy */;
		};
/* End PBXTargetDependency section */

/* Begin XCBuildConfiguration section */
		9A4E649F2E2707BA00D1235A /* Debug */ = {
			isa = XCBuildConfiguration;
			buildSettings = {
				ALWAYS_SEARCH_USER_PATHS = NO;
				ASSETCATALOG_COMPILER_GENERATE_SWIFT_ASSET_SYMBOL_EXTENSIONS = YES;
				CLANG_ANALYZER_NONNULL = YES;
				CLANG_ANALYZER_NUMBER_OBJECT_CONVERSION = YES_AGGRESSIVE;
				CLANG_CXX_LANGUAGE_STANDARD = "gnu++20";
				CLANG_ENABLE_MODULES = YES;
				CLANG_ENABLE_OBJC_ARC = YES;
				CLANG_ENABLE_OBJC_WEAK = YES;
				CLANG_WARN_BLOCK_CAPTURE_AUTORELEASING = YES;
				CLANG_WARN_BOOL_CONVERSION = YES;
				CLANG_WARN_COMMA = YES;
				CLANG_WARN_CONSTANT_CONVERSION = YES;
				CLANG_WARN_DEPRECATED_OBJC_IMPLEMENTATIONS = YES;
				CLANG_WARN_DIRECT_OBJC_ISA_USAGE = YES_ERROR;
				CLANG_WARN_DOCUMENTATION_COMMENTS = YES;
				CLANG_WARN_EMPTY_BODY = YES;
				CLANG_WARN_ENUM_CONVERSION = YES;
				CLANG_WARN_INFINITE_RECURSION = YES;
				CLANG_WARN_INT_CONVERSION = YES;
				CLANG_WARN_NON_LITERAL_NULL_CONVERSION = YES;
				CLANG_WARN_OBJC_IMPLICIT_RETAIN_SELF = YES;
				CLANG_WARN_OBJC_LITERAL_CONVERSION = YES;
				CLANG_WARN_OBJC_ROOT_CLASS = YES_ERROR;
				CLANG_WARN_QUOTED_INCLUDE_IN_FRAMEWORK_HEADER = YES;
				CLANG_WARN_RANGE_LOOP_ANALYSIS = YES;
				CLANG_WARN_STRICT_PROTOTYPES = YES;
				CLANG_WARN_SUSPICIOUS_MOVE = YES;
				CLANG_WARN_UNGUARDED_AVAILABILITY = YES_AGGRESSIVE;
				CLANG_WARN_UNREACHABLE_CODE = YES;
				CLANG_WARN__DUPLICATE_METHOD_MATCH = YES;
				COPY_PHASE_STRIP = NO;
				DEBUG_INFORMATION_FORMAT = dwarf;
				ENABLE_STRICT_OBJC_MSGSEND = YES;
				ENABLE_TESTABILITY = YES;
				ENABLE_USER_SCRIPT_SANDBOXING = YES;
				GCC_C_LANGUAGE_STANDARD = gnu17;
				GCC_DYNAMIC_NO_PIC = NO;
				GCC_NO_COMMON_BLOCKS = YES;
				GCC_OPTIMIZATION_LEVEL = 0;
				GCC_PREPROCESSOR_DEFINITIONS = (
					"DEBUG=1",
					"$(inherited)",
				);
				GCC_WARN_64_TO_32_BIT_CONVERSION = YES;
				GCC_WARN_ABOUT_RETURN_TYPE = YES_ERROR;
				GCC_WARN_UNDECLARED_SELECTOR = YES;
				GCC_WARN_UNINITIALIZED_AUTOS = YES_AGGRESSIVE;
				GCC_WARN_UNUSED_FUNCTION = YES;
				GCC_WARN_UNUSED_VARIABLE = YES;
				LOCALIZATION_PREFERS_STRING_CATALOGS = YES;
				MACOSX_DEPLOYMENT_TARGET = 15.2;
				MTL_ENABLE_DEBUG_INFO = INCLUDE_SOURCE;
				MTL_FAST_MATH = YES;
				ONLY_ACTIVE_ARCH = YES;
				SDKROOT = macosx;
				SWIFT_ACTIVE_COMPILATION_CONDITIONS = "DEBUG $(inherited)";
				SWIFT_OPTIMIZATION_LEVEL = "-Onone";
			};
			name = Debug;
		};
		9A4E64A02E2707BA00D1235A /* Release */ = {
			isa = XCBuildConfiguration;
			buildSettings = {
				ALWAYS_SEARCH_USER_PATHS = NO;
				ASSETCATALOG_COMPILER_GENERATE_SWIFT_ASSET_SYMBOL_EXTENSIONS = YES;
				CLANG_ANALYZER_NONNULL = YES;
				CLANG_ANALYZER_NUMBER_OBJECT_CONVERSION = YES_AGGRESSIVE;
				CLANG_CXX_LANGUAGE_STANDARD = "gnu++20";
				CLANG_ENABLE_MODULES = YES;
				CLANG_ENABLE_OBJC_ARC = YES;
				CLANG_ENABLE_OBJC_WEAK = YES;
				CLANG_WARN_BLOCK_CAPTURE_AUTORELEASING = YES;
				CLANG_WARN_BOOL_CONVERSION = YES;
				CLANG_WARN_COMMA = YES;
				CLANG_WARN_CONSTANT_CONVERSION = YES;
				CLANG_WARN_DEPRECATED_OBJC_IMPLEMENTATIONS = YES;
				CLANG_WARN_DIRECT_OBJC_ISA_USAGE = YES_ERROR;
				CLANG_WARN_DOCUMENTATION_COMMENTS = YES;
				CLANG_WARN_EMPTY_BODY = YES;
				CLANG_WARN_ENUM_CONVERSION = YES;
				CLANG_WARN_INFINITE_RECURSION = YES;
				CLANG_WARN_INT_CONVERSION = YES;
				CLANG_WARN_NON_LITERAL_NULL_CONVERSION = YES;
				CLANG_WARN_OBJC_IMPLICIT_RETAIN_SELF = YES;
				CLANG_WARN_OBJC_LITERAL_CONVERSION = YES;
				CLANG_WARN_OBJC_ROOT_CLASS = YES_ERROR;
				CLANG_WARN_QUOTED_INCLUDE_IN_FRAMEWORK_HEADER = YES;
				CLANG_WARN_RANGE_LOOP_ANALYSIS = YES;
				CLANG_WARN_STRICT_PROTOTYPES = YES;
				CLANG_WARN_SUSPICIOUS_MOVE = YES;
				CLANG_WARN_UNGUARDED_AVAILABILITY = YES_AGGRESSIVE;
				CLANG_WARN_UNREACHABLE_CODE = YES;
				CLANG_WARN__DUPLICATE_METHOD_MATCH = YES;
				COPY_PHASE_STRIP = NO;
				DEBUG_INFORMATION_FORMAT = "dwarf-with-dsym";
				ENABLE_NS_ASSERTIONS = NO;
				ENABLE_STRICT_OBJC_MSGSEND = YES;
				ENABLE_USER_SCRIPT_SANDBOXING = YES;
				GCC_C_LANGUAGE_STANDARD = gnu17;
				GCC_NO_COMMON_BLOCKS = YES;
				GCC_WARN_64_TO_32_BIT_CONVERSION = YES;
				GCC_WARN_ABOUT_RETURN_TYPE = YES_ERROR;
				GCC_WARN_UNDECLARED_SELECTOR = YES;
				GCC_WARN_UNINITIALIZED_AUTOS = YES_AGGRESSIVE;
				GCC_WARN_UNUSED_FUNCTION = YES;
				GCC_WARN_UNUSED_VARIABLE = YES;
				LOCALIZATION_PREFERS_STRING_CATALOGS = YES;
				MACOSX_DEPLOYMENT_TARGET = 15.2;
				MTL_ENABLE_DEBUG_INFO = NO;
				MTL_FAST_MATH = YES;
				SDKROOT = macosx;
				SWIFT_COMPILATION_MODE = wholemodule;
			};
			name = Release;
		};
		9A4E64A22E2707BA00D1235A /* Debug */ = {
			isa = XCBuildConfiguration;
			buildSettings = {
				ASSETCATALOG_COMPILER_APPICON_NAME = AppIcon;
				ASSETCATALOG_COMPILER_GLOBAL_ACCENT_COLOR_NAME = AccentColor;
				CODE_SIGN_ENTITLEMENTS = FluentUnitTesting/FluentUnitTesting.entitlements;
				CODE_SIGN_STYLE = Automatic;
				COMBINE_HIDPI_IMAGES = YES;
				CURRENT_PROJECT_VERSION = 1;
				DEVELOPMENT_ASSET_PATHS = "\"FluentUnitTesting/Preview Content\"";
				DEVELOPMENT_TEAM = A2E6ZXG4SD;
				ENABLE_HARDENED_RUNTIME = YES;
				ENABLE_PREVIEWS = YES;
				GENERATE_INFOPLIST_FILE = YES;
				INFOPLIST_KEY_NSHumanReadableCopyright = "";
				LD_RUNPATH_SEARCH_PATHS = (
					"$(inherited)",
					"@executable_path/../Frameworks",
				);
				MARKETING_VERSION = 1.0;
				PRODUCT_BUNDLE_IDENTIFIER = io.hunsley.FluentUnitTesting;
				PRODUCT_NAME = "$(TARGET_NAME)";
				SWIFT_EMIT_LOC_STRINGS = YES;
				SWIFT_VERSION = 5.0;
			};
			name = Debug;
		};
		9A4E64A32E2707BA00D1235A /* Release */ = {
			isa = XCBuildConfiguration;
			buildSettings = {
				ASSETCATALOG_COMPILER_APPICON_NAME = AppIcon;
				ASSETCATALOG_COMPILER_GLOBAL_ACCENT_COLOR_NAME = AccentColor;
				CODE_SIGN_ENTITLEMENTS = FluentUnitTesting/FluentUnitTesting.entitlements;
				CODE_SIGN_STYLE = Automatic;
				COMBINE_HIDPI_IMAGES = YES;
				CURRENT_PROJECT_VERSION = 1;
				DEVELOPMENT_ASSET_PATHS = "\"FluentUnitTesting/Preview Content\"";
				DEVELOPMENT_TEAM = A2E6ZXG4SD;
				ENABLE_HARDENED_RUNTIME = YES;
				ENABLE_PREVIEWS = YES;
				GENERATE_INFOPLIST_FILE = YES;
				INFOPLIST_KEY_NSHumanReadableCopyright = "";
				LD_RUNPATH_SEARCH_PATHS = (
					"$(inherited)",
					"@executable_path/../Frameworks",
				);
				MARKETING_VERSION = 1.0;
				PRODUCT_BUNDLE_IDENTIFIER = io.hunsley.FluentUnitTesting;
				PRODUCT_NAME = "$(TARGET_NAME)";
				SWIFT_EMIT_LOC_STRINGS = YES;
				SWIFT_VERSION = 5.0;
			};
			name = Release;
		};
		9A4E64A52E2707BA00D1235A /* Debug */ = {
			isa = XCBuildConfiguration;
			buildSettings = {
				BUNDLE_LOADER = "$(TEST_HOST)";
				CODE_SIGN_STYLE = Automatic;
				CURRENT_PROJECT_VERSION = 1;
				DEVELOPMENT_TEAM = A2E6ZXG4SD;
				GENERATE_INFOPLIST_FILE = YES;
				MACOSX_DEPLOYMENT_TARGET = 15.2;
				MARKETING_VERSION = 1.0;
				PRODUCT_BUNDLE_IDENTIFIER = io.hunsley.FluentUnitTestingTests;
				PRODUCT_NAME = "$(TARGET_NAME)";
				SWIFT_EMIT_LOC_STRINGS = NO;
				SWIFT_VERSION = 5.0;
				TEST_HOST = "$(BUILT_PRODUCTS_DIR)/FluentUnitTesting.app/$(BUNDLE_EXECUTABLE_FOLDER_PATH)/FluentUnitTesting";
			};
			name = Debug;
		};
		9A4E64A62E2707BA00D1235A /* Release */ = {
			isa = XCBuildConfiguration;
			buildSettings = {
				BUNDLE_LOADER = "$(TEST_HOST)";
				CODE_SIGN_STYLE = Automatic;
				CURRENT_PROJECT_VERSION = 1;
				DEVELOPMENT_TEAM = A2E6ZXG4SD;
				GENERATE_INFOPLIST_FILE = YES;
				MACOSX_DEPLOYMENT_TARGET = 15.2;
				MARKETING_VERSION = 1.0;
				PRODUCT_BUNDLE_IDENTIFIER = io.hunsley.FluentUnitTestingTests;
				PRODUCT_NAME = "$(TARGET_NAME)";
				SWIFT_EMIT_LOC_STRINGS = NO;
				SWIFT_VERSION = 5.0;
				TEST_HOST = "$(BUILT_PRODUCTS_DIR)/FluentUnitTesting.app/$(BUNDLE_EXECUTABLE_FOLDER_PATH)/FluentUnitTesting";
			};
			name = Release;
		};
		9A4E64A82E2707BA00D1235A /* Debug */ = {
			isa = XCBuildConfiguration;
			buildSettings = {
				CODE_SIGN_STYLE = Automatic;
				CURRENT_PROJECT_VERSION = 1;
				DEVELOPMENT_TEAM = A2E6ZXG4SD;
				GENERATE_INFOPLIST_FILE = YES;
				MARKETING_VERSION = 1.0;
				PRODUCT_BUNDLE_IDENTIFIER = io.hunsley.FluentUnitTestingUITests;
				PRODUCT_NAME = "$(TARGET_NAME)";
				SWIFT_EMIT_LOC_STRINGS = NO;
				SWIFT_VERSION = 5.0;
				TEST_TARGET_NAME = FluentUnitTesting;
			};
			name = Debug;
		};
		9A4E64A92E2707BA00D1235A /* Release */ = {
			isa = XCBuildConfiguration;
			buildSettings = {
				CODE_SIGN_STYLE = Automatic;
				CURRENT_PROJECT_VERSION = 1;
				DEVELOPMENT_TEAM = A2E6ZXG4SD;
				GENERATE_INFOPLIST_FILE = YES;
				MARKETING_VERSION = 1.0;
				PRODUCT_BUNDLE_IDENTIFIER = io.hunsley.FluentUnitTestingUITests;
				PRODUCT_NAME = "$(TARGET_NAME)";
				SWIFT_EMIT_LOC_STRINGS = NO;
				SWIFT_VERSION = 5.0;
				TEST_TARGET_NAME = FluentUnitTesting;
			};
			name = Release;
		};
/* End XCBuildConfiguration section */

/* Begin XCConfigurationList section */
		9A4E64772E2707B800D1235A /* Build configuration list for PBXProject "FluentUnitTesting" */ = {
			isa = XCConfigurationList;
			buildConfigurations = (
				9A4E649F2E2707BA00D1235A /* Debug */,
				9A4E64A02E2707BA00D1235A /* Release */,
			);
			defaultConfigurationIsVisible = 0;
			defaultConfigurationName = Release;
		};
		9A4E64A12E2707BA00D1235A /* Build configuration list for PBXNativeTarget "FluentUnitTesting" */ = {
			isa = XCConfigurationList;
			buildConfigurations = (
				9A4E64A22E2707BA00D1235A /* Debug */,
				9A4E64A32E2707BA00D1235A /* Release */,
			);
			defaultConfigurationIsVisible = 0;
			defaultConfigurationName = Release;
		};
		9A4E64A42E2707BA00D1235A /* Build configuration list for PBXNativeTarget "FluentUnitTestingTests" */ = {
			isa = XCConfigurationList;
			buildConfigurations = (
				9A4E64A52E2707BA00D1235A /* Debug */,
				9A4E64A62E2707BA00D1235A /* Release */,
			);
			defaultConfigurationIsVisible = 0;
			defaultConfigurationName = Release;
		};
		9A4E64A72E2707BA00D1235A /* Build configuration list for PBXNativeTarget "FluentUnitTestingUITests" */ = {
			isa = XCConfigurationList;
			buildConfigurations = (
				9A4E64A82E2707BA00D1235A /* Debug */,
				9A4E64A92E2707BA00D1235A /* Release */,
			);
			defaultConfigurationIsVisible = 0;
			defaultConfigurationName = Release;
		};
/* End XCConfigurationList section */
	};
	rootObject = 9A4E64742E2707B800D1235A /* Project object */;
}
